
Microsoft Visual Studio Solution File, Format Version 12.00
# Visual Studio Version 17
VisualStudioVersion = 17.11.35312.102
MinimumVisualStudioVersion = 10.0.40219.1
Project("{FAE04EC0-301F-11D3-BF4B-00C04F79EFBC}") = "T1.PR1.Seguretativulnerabilitat", "T1.PR1.Seguretativulnerabilitat.csproj", "{849D1215-D968-4F9A-8CE5-0353F2236C23}"
EndProject
Global
	GlobalSection(SolutionConfigurationPlatforms) = preSolution
		Debug|Any CPU = Debug|Any CPU
		Release|Any CPU = Release|Any CPU
	EndGlobalSection
	GlobalSection(ProjectConfigurationPlatforms) = postSolution
		{849D1215-D968-4F9A-8CE5-0353F2236C23}.Debug|Any CPU.ActiveCfg = Debug|Any CPU
		{849D1215-D968-4F9A-8CE5-0353F2236C23}.Debug|Any CPU.Build.0 = Debug|Any CPU
		{849D1215-D968-4F9A-8CE5-0353F2236C23}.Release|Any CPU.ActiveCfg = Release|Any CPU
		{849D1215-D968-4F9A-8CE5-0353F2236C23}.Release|Any CPU.Build.0 = Release|Any CPU
	EndGlobalSection
	GlobalSection(SolutionProperties) = preSolution
		HideSolutionNode = FALSE
	EndGlobalSection
	GlobalSection(ExtensibilityGlobals) = postSolution
		SolutionGuid = {53CBCDDB-1694-47FD-9A43-166D8272BE41}
	EndGlobalSection
EndGlobal
